
Microsoft Visual Studio Solution File, Format Version 12.00
# Visual Studio Version 17
VisualStudioVersion = 17.0.32112.339
MinimumVisualStudioVersion = 10.0.40219.1
Project("{9A19103F-16F7-4668-BE54-9A1E7A4F7556}") = "PeoManageSoft.Api", "PeoManageSoft.Api\PeoManageSoft.Api.csproj", "{324D96D3-8344-43C2-89C3-292E1B041415}"
EndProject
Project("{9A19103F-16F7-4668-BE54-9A1E7A4F7556}") = "PeoManageSoft.Business", "PeoManageSoft.Business\PeoManageSoft.Business.csproj", "{A4CEB8ED-3BBD-4B5B-8CDF-4FDA20240829}"
EndProject
Project("{2150E333-8FDC-42A3-9474-1A3956D46DE8}") = "Solution Items", "Solution Items", "{8E520F5F-6EF0-4DF2-B8D2-CAABF2A80A78}"
	ProjectSection(SolutionItems) = preProject
		.editorconfig = .editorconfig
	EndProjectSection
EndProject
Project("{FAE04EC0-301F-11D3-BF4B-00C04F79EFBC}") = "PeoManageSoft.Database", "PeoManageSoft.Database\PeoManageSoft.Database.csproj", "{2728ABA1-6713-4383-B39B-B386AFBE06AE}"
EndProject
Global
	GlobalSection(SolutionConfigurationPlatforms) = preSolution
		Debug|Any CPU = Debug|Any CPU
		Release|Any CPU = Release|Any CPU
	EndGlobalSection
	GlobalSection(ProjectConfigurationPlatforms) = postSolution
		{324D96D3-8344-43C2-89C3-292E1B041415}.Debug|Any CPU.ActiveCfg = Debug|Any CPU
		{324D96D3-8344-43C2-89C3-292E1B041415}.Debug|Any CPU.Build.0 = Debug|Any CPU
		{324D96D3-8344-43C2-89C3-292E1B041415}.Release|Any CPU.ActiveCfg = Release|Any CPU
		{324D96D3-8344-43C2-89C3-292E1B041415}.Release|Any CPU.Build.0 = Release|Any CPU
		{A4CEB8ED-3BBD-4B5B-8CDF-4FDA20240829}.Debug|Any CPU.ActiveCfg = Debug|Any CPU
		{A4CEB8ED-3BBD-4B5B-8CDF-4FDA20240829}.Debug|Any CPU.Build.0 = Debug|Any CPU
		{A4CEB8ED-3BBD-4B5B-8CDF-4FDA20240829}.Release|Any CPU.ActiveCfg = Release|Any CPU
		{A4CEB8ED-3BBD-4B5B-8CDF-4FDA20240829}.Release|Any CPU.Build.0 = Release|Any CPU
		{2728ABA1-6713-4383-B39B-B386AFBE06AE}.Debug|Any CPU.ActiveCfg = Debug|Any CPU
		{2728ABA1-6713-4383-B39B-B386AFBE06AE}.Debug|Any CPU.Build.0 = Debug|Any CPU
		{2728ABA1-6713-4383-B39B-B386AFBE06AE}.Release|Any CPU.ActiveCfg = Release|Any CPU
		{2728ABA1-6713-4383-B39B-B386AFBE06AE}.Release|Any CPU.Build.0 = Release|Any CPU
	EndGlobalSection
	GlobalSection(SolutionProperties) = preSolution
		HideSolutionNode = FALSE
	EndGlobalSection
	GlobalSection(ExtensibilityGlobals) = postSolution
		SolutionGuid = {57C14697-24F6-4953-8C3C-58C259D0D016}
	EndGlobalSection
EndGlobal
